
Microsoft Visual Studio Solution File, Format Version 12.00
# Visual Studio 15
Project("{FAE04EC0-301F-11D3-BF4B-00C04F79EFBC}") = "Assembly-CSharp", "Assembly-CSharp.csproj", "{9C722AAA-7966-543B-C132-A5BB508E723D}"
EndProject
Project("{FAE04EC0-301F-11D3-BF4B-00C04F79EFBC}") = "Assembly-CSharp-Editor", "Assembly-CSharp-Editor.csproj", "{8228E057-D191-03A8-CA1B-68CB57F61A8E}"
EndProject
Global
	GlobalSection(SolutionConfigurationPlatforms) = preSolution
		Debug|Any CPU = Debug|Any CPU
		Release|Any CPU = Release|Any CPU
	EndGlobalSection
	GlobalSection(ProjectConfigurationPlatforms) = postSolution
		{9C722AAA-7966-543B-C132-A5BB508E723D}.Debug|Any CPU.ActiveCfg = Debug|Any CPU
		{9C722AAA-7966-543B-C132-A5BB508E723D}.Debug|Any CPU.Build.0 = Debug|Any CPU
		{9C722AAA-7966-543B-C132-A5BB508E723D}.Release|Any CPU.ActiveCfg = Release|Any CPU
		{9C722AAA-7966-543B-C132-A5BB508E723D}.Release|Any CPU.Build.0 = Release|Any CPU
		{8228E057-D191-03A8-CA1B-68CB57F61A8E}.Debug|Any CPU.ActiveCfg = Debug|Any CPU
		{8228E057-D191-03A8-CA1B-68CB57F61A8E}.Debug|Any CPU.Build.0 = Debug|Any CPU
		{8228E057-D191-03A8-CA1B-68CB57F61A8E}.Release|Any CPU.ActiveCfg = Release|Any CPU
		{8228E057-D191-03A8-CA1B-68CB57F61A8E}.Release|Any CPU.Build.0 = Release|Any CPU
	EndGlobalSection
	GlobalSection(SolutionProperties) = preSolution
		HideSolutionNode = FALSE
	EndGlobalSection
EndGlobal
